// !$*UTF8*$!
{
	archiveVersion = 1;
	classes = {
	};
	objectVersion = 50;
	objects = {

/* Begin PBXBuildFile section */
		A90CABDB23E39B6D00782B8C /* WebKit.framework in Frameworks */ = {isa = PBXBuildFile; fileRef = A90CABDA23E39B6D00782B8C /* WebKit.framework */; };
		A940710523E0C286004AF724 /* AppDelegate.swift in Sources */ = {isa = PBXBuildFile; fileRef = A940710423E0C286004AF724 /* AppDelegate.swift */; };
		A940710723E0C286004AF724 /* SceneDelegate.swift in Sources */ = {isa = PBXBuildFile; fileRef = A940710623E0C286004AF724 /* SceneDelegate.swift */; };
		A940710923E0C286004AF724 /* ViewController.swift in Sources */ = {isa = PBXBuildFile; fileRef = A940710823E0C286004AF724 /* ViewController.swift */; };
		A940710C23E0C286004AF724 /* Main.storyboard in Resources */ = {isa = PBXBuildFile; fileRef = A940710A23E0C286004AF724 /* Main.storyboard */; };
		A940710E23E0C28C004AF724 /* Assets.xcassets in Resources */ = {isa = PBXBuildFile; fileRef = A940710D23E0C28C004AF724 /* Assets.xcassets */; };
		A940711123E0C28C004AF724 /* LaunchScreen.storyboard in Resources */ = {isa = PBXBuildFile; fileRef = A940710F23E0C28C004AF724 /* LaunchScreen.storyboard */; };
/* End PBXBuildFile section */

/* Begin PBXFileReference section */
		A90CABDA23E39B6D00782B8C /* WebKit.framework */ = {isa = PBXFileReference; lastKnownFileType = wrapper.framework; name = WebKit.framework; path = System/Library/Frameworks/WebKit.framework; sourceTree = SDKROOT; };
		A940710123E0C286004AF724 /* Olympic App.app */ = {isa = PBXFileReference; explicitFileType = wrapper.application; includeInIndex = 0; path = "Olympic App.app"; sourceTree = BUILT_PRODUCTS_DIR; };
		A940710423E0C286004AF724 /* AppDelegate.swift */ = {isa = PBXFileReference; lastKnownFileType = sourcecode.swift; path = AppDelegate.swift; sourceTree = "<group>"; };
		A940710623E0C286004AF724 /* SceneDelegate.swift */ = {isa = PBXFileReference; lastKnownFileType = sourcecode.swift; path = SceneDelegate.swift; sourceTree = "<group>"; };
		A940710823E0C286004AF724 /* ViewController.swift */ = {isa = PBXFileReference; lastKnownFileType = sourcecode.swift; path = ViewController.swift; sourceTree = "<group>"; };
		A940710B23E0C286004AF724 /* Base */ = {isa = PBXFileReference; lastKnownFileType = file.storyboard; name = Base; path = Base.lproj/Main.storyboard; sourceTree = "<group>"; };
		A940710D23E0C28C004AF724 /* Assets.xcassets */ = {isa = PBXFileReference; lastKnownFileType = folder.assetcatalog; path = Assets.xcassets; sourceTree = "<group>"; };
		A940711023E0C28C004AF724 /* Base */ = {isa = PBXFileReference; lastKnownFileType = file.storyboard; name = Base; path = Base.lproj/LaunchScreen.storyboard; sourceTree = "<group>"; };
		A940711223E0C28C004AF724 /* Info.plist */ = {isa = PBXFileReference; lastKnownFileType = text.plist.xml; path = Info.plist; sourceTree = "<group>"; };
/* End PBXFileReference section */

/* Begin PBXFrameworksBuildPhase section */
		A94070FE23E0C286004AF724 /* Frameworks */ = {
			isa = PBXFrameworksBuildPhase;
			buildActionMask = 2147483647;
			files = (
				A90CABDB23E39B6D00782B8C /* WebKit.framework in Frameworks */,
			);
			runOnlyForDeploymentPostprocessing = 0;
		};
/* End PBXFrameworksBuildPhase section */

/* Begin PBXGroup section */
		A90CABD923E39B6D00782B8C /* Frameworks */ = {
			isa = PBXGroup;
			children = (
				A90CABDA23E39B6D00782B8C /* WebKit.framework */,
			);
			name = Frameworks;
			sourceTree = "<group>";
		};
		A94070F823E0C286004AF724 = {
			isa = PBXGroup;
			children = (
				A940710323E0C286004AF724 /* Olympic App */,
				A940710223E0C286004AF724 /* Products */,
				A90CABD923E39B6D00782B8C /* Frameworks */,
			);
			sourceTree = "<group>";
		};
		A940710223E0C286004AF724 /* Products */ = {
			isa = PBXGroup;
			children = (
				A940710123E0C286004AF724 /* Olympic App.app */,
			);
			name = Products;
			sourceTree = "<group>";
		};
		A940710323E0C286004AF724 /* Olympic App */ = {
			isa = PBXGroup;
			children = (
				A940710423E0C286004AF724 /* AppDelegate.swift */,
				A940710623E0C286004AF724 /* SceneDelegate.swift */,
				A940710823E0C286004AF724 /* ViewController.swift */,
				A940710A23E0C286004AF724 /* Main.storyboard */,
				A940710D23E0C28C004AF724 /* Assets.xcassets */,
				A940710F23E0C28C004AF724 /* LaunchScreen.storyboard */,
				A940711223E0C28C004AF724 /* Info.plist */,
			);
			path = "Olympic App";
			sourceTree = "<group>";
		};
/* End PBXGroup section */

/* Begin PBXNativeTarget section */
		A940710023E0C286004AF724 /* Olympic App */ = {
			isa = PBXNativeTarget;
			buildConfigurationList = A940711523E0C28C004AF724 /* Build configuration list for PBXNativeTarget "Olympic App" */;
			buildPhases = (
				A94070FD23E0C286004AF724 /* Sources */,
				A94070FE23E0C286004AF724 /* Frameworks */,
				A94070FF23E0C286004AF724 /* Resources */,
			);
			buildRules = (
			);
			dependencies = (
			);
			name = "Olympic App";
			productName = "Olympic App";
			productReference = A940710123E0C286004AF724 /* Olympic App.app */;
			productType = "com.apple.product-type.application";
		};
/* End PBXNativeTarget section */

/* Begin PBXProject section */
		A94070F923E0C286004AF724 /* Project object */ = {
			isa = PBXProject;
			attributes = {
				LastSwiftUpdateCheck = 1130;
				LastUpgradeCheck = 1130;
				ORGANIZATIONNAME = OlympicGB;
				TargetAttributes = {
					A940710023E0C286004AF724 = {
						CreatedOnToolsVersion = 11.3.1;
					};
				};
			};
			buildConfigurationList = A94070FC23E0C286004AF724 /* Build configuration list for PBXProject "Olympic App" */;
			compatibilityVersion = "Xcode 9.3";
			developmentRegion = en;
			hasScannedForEncodings = 0;
			knownRegions = (
				en,
				Base,
			);
			mainGroup = A94070F823E0C286004AF724;
			productRefGroup = A940710223E0C286004AF724 /* Products */;
			projectDirPath = "";
			projectRoot = "";
			targets = (
				A940710023E0C286004AF724 /* Olympic App */,
			);
		};
/* End PBXProject section */

/* Begin PBXResourcesBuildPhase section */
		A94070FF23E0C286004AF724 /* Resources */ = {
			isa = PBXResourcesBuildPhase;
			buildActionMask = 2147483647;
			files = (
				A940711123E0C28C004AF724 /* LaunchScreen.storyboard in Resources */,
				A940710E23E0C28C004AF724 /* Assets.xcassets in Resources */,
				A940710C23E0C286004AF724 /* Main.storyboard in Resources */,
			);
			runOnlyForDeploymentPostprocessing = 0;
		};
/* End PBXResourcesBuildPhase section */

/* Begin PBXSourcesBuildPhase section */
		A94070FD23E0C286004AF724 /* Sources */ = {
			isa = PBXSourcesBuildPhase;
			buildActionMask = 2147483647;
			files = (
				A940710923E0C286004AF724 /* ViewController.swift in Sources */,
				A940710523E0C286004AF724 /* AppDelegate.swift in Sources */,
				A940710723E0C286004AF724 /* SceneDelegate.swift in Sources */,
			);
			runOnlyForDeploymentPostprocessing = 0;
		};
/* End PBXSourcesBuildPhase section */

/* Begin PBXVariantGroup section */
		A940710A23E0C286004AF724 /* Main.storyboard */ = {
			isa = PBXVariantGroup;
			children = (
				A940710B23E0C286004AF724 /* Base */,
			);
			name = Main.storyboard;
			sourceTree = "<group>";
		};
		A940710F23E0C28C004AF724 /* LaunchScreen.storyboard */ = {
			isa = PBXVariantGroup;
			children = (
				A940711023E0C28C004AF724 /* Base */,
			);
			name = LaunchScreen.storyboard;
			sourceTree = "<group>";
		};
/* End PBXVariantGroup section */

/* Begin XCBuildConfiguration section */
		A940711323E0C28C004AF724 /* Debug */ = {
			isa = XCBuildConfiguration;
			buildSettings = {
				ALWAYS_SEARCH_USER_PATHS = NO;
				CLANG_ANALYZER_NONNULL = YES;
				CLANG_ANALYZER_NUMBER_OBJECT_CONVERSION = YES_AGGRESSIVE;
				CLANG_CXX_LANGUAGE_STANDARD = "gnu++14";
				CLANG_CXX_LIBRARY = "libc++";
				CLANG_ENABLE_MODULES = YES;
				CLANG_ENABLE_OBJC_ARC = YES;
				CLANG_ENABLE_OBJC_WEAK = YES;
				CLANG_WARN_BLOCK_CAPTURE_AUTORELEASING = YES;
				CLANG_WARN_BOOL_CONVERSION = YES;
				CLANG_WARN_COMMA = YES;
				CLANG_WARN_CONSTANT_CONVERSION = YES;
				CLANG_WARN_DEPRECATED_OBJC_IMPLEMENTATIONS = YES;
				CLANG_WARN_DIRECT_OBJC_ISA_USAGE = YES_ERROR;
				CLANG_WARN_DOCUMENTATION_COMMENTS = YES;
				CLANG_WARN_EMPTY_BODY = YES;
				CLANG_WARN_ENUM_CONVERSION = YES;
				CLANG_WARN_INFINITE_RECURSION = YES;
				CLANG_WARN_INT_CONVERSION = YES;
				CLANG_WARN_NON_LITERAL_NULL_CONVERSION = YES;
				CLANG_WARN_OBJC_IMPLICIT_RETAIN_SELF = YES;
				CLANG_WARN_OBJC_LITERAL_CONVERSION = YES;
				CLANG_WARN_OBJC_ROOT_CLASS = YES_ERROR;
				CLANG_WARN_RANGE_LOOP_ANALYSIS = YES;
				CLANG_WARN_STRICT_PROTOTYPES = YES;
				CLANG_WARN_SUSPICIOUS_MOVE = YES;
				CLANG_WARN_UNGUARDED_AVAILABILITY = YES_AGGRESSIVE;
				CLANG_WARN_UNREACHABLE_CODE = YES;
				CLANG_WARN__DUPLICATE_METHOD_MATCH = YES;
				COPY_PHASE_STRIP = NO;
				DEBUG_INFORMATION_FORMAT = dwarf;
				ENABLE_STRICT_OBJC_MSGSEND = YES;
				ENABLE_TESTABILITY = YES;
				GCC_C_LANGUAGE_STANDARD = gnu11;
				GCC_DYNAMIC_NO_PIC = NO;
				GCC_NO_COMMON_BLOCKS = YES;
				GCC_OPTIMIZATION_LEVEL = 0;
				GCC_PREPROCESSOR_DEFINITIONS = (
					"DEBUG=1",
					"$(inherited)",
				);
				GCC_WARN_64_TO_32_BIT_CONVERSION = YES;
				GCC_WARN_ABOUT_RETURN_TYPE = YES_ERROR;
				GCC_WARN_UNDECLARED_SELECTOR = YES;
				GCC_WARN_UNINITIALIZED_AUTOS = YES_AGGRESSIVE;
				GCC_WARN_UNUSED_FUNCTION = YES;
				GCC_WARN_UNUSED_VARIABLE = YES;
				IPHONEOS_DEPLOYMENT_TARGET = 13.2;
				MTL_ENABLE_DEBUG_INFO = INCLUDE_SOURCE;
				MTL_FAST_MATH = YES;
				ONLY_ACTIVE_ARCH = YES;
				SDKROOT = iphoneos;
				SWIFT_ACTIVE_COMPILATION_CONDITIONS = DEBUG;
				SWIFT_OPTIMIZATION_LEVEL = "-Onone";
			};
			name = Debug;
		};
		A940711423E0C28C004AF724 /* Release */ = {
			isa = XCBuildConfiguration;
			buildSettings = {
				ALWAYS_SEARCH_USER_PATHS = NO;
				CLANG_ANALYZER_NONNULL = YES;
				CLANG_ANALYZER_NUMBER_OBJECT_CONVERSION = YES_AGGRESSIVE;
				CLANG_CXX_LANGUAGE_STANDARD = "gnu++14";
				CLANG_CXX_LIBRARY = "libc++";
				CLANG_ENABLE_MODULES = YES;
				CLANG_ENABLE_OBJC_ARC = YES;
				CLANG_ENABLE_OBJC_WEAK = YES;
				CLANG_WARN_BLOCK_CAPTURE_AUTORELEASING = YES;
				CLANG_WARN_BOOL_CONVERSION = YES;
				CLANG_WARN_COMMA = YES;
				CLANG_WARN_CONSTANT_CONVERSION = YES;
				CLANG_WARN_DEPRECATED_OBJC_IMPLEMENTATIONS = YES;
				CLANG_WARN_DIRECT_OBJC_ISA_USAGE = YES_ERROR;
				CLANG_WARN_DOCUMENTATION_COMMENTS = YES;
				CLANG_WARN_EMPTY_BODY = YES;
				CLANG_WARN_ENUM_CONVERSION = YES;
				CLANG_WARN_INFINITE_RECURSION = YES;
				CLANG_WARN_INT_CONVERSION = YES;
				CLANG_WARN_NON_LITERAL_NULL_CONVERSION = YES;
				CLANG_WARN_OBJC_IMPLICIT_RETAIN_SELF = YES;
				CLANG_WARN_OBJC_LITERAL_CONVERSION = YES;
				CLANG_WARN_OBJC_ROOT_CLASS = YES_ERROR;
				CLANG_WARN_RANGE_LOOP_ANALYSIS = YES;
				CLANG_WARN_STRICT_PROTOTYPES = YES;
				CLANG_WARN_SUSPICIOUS_MOVE = YES;
				CLANG_WARN_UNGUARDED_AVAILABILITY = YES_AGGRESSIVE;
				CLANG_WARN_UNREACHABLE_CODE = YES;
				CLANG_WARN__DUPLICATE_METHOD_MATCH = YES;
				COPY_PHASE_STRIP = NO;
				DEBUG_INFORMATION_FORMAT = "dwarf-with-dsym";
				ENABLE_NS_ASSERTIONS = NO;
				ENABLE_STRICT_OBJC_MSGSEND = YES;
				GCC_C_LANGUAGE_STANDARD = gnu11;
				GCC_NO_COMMON_BLOCKS = YES;
				GCC_WARN_64_TO_32_BIT_CONVERSION = YES;
				GCC_WARN_ABOUT_RETURN_TYPE = YES_ERROR;
				GCC_WARN_UNDECLARED_SELECTOR = YES;
				GCC_WARN_UNINITIALIZED_AUTOS = YES_AGGRESSIVE;
				GCC_WARN_UNUSED_FUNCTION = YES;
				GCC_WARN_UNUSED_VARIABLE = YES;
				IPHONEOS_DEPLOYMENT_TARGET = 13.2;
				MTL_ENABLE_DEBUG_INFO = NO;
				MTL_FAST_MATH = YES;
				SDKROOT = iphoneos;
				SWIFT_COMPILATION_MODE = wholemodule;
				SWIFT_OPTIMIZATION_LEVEL = "-O";
				VALIDATE_PRODUCT = YES;
			};
			name = Release;
		};
		A940711623E0C28C004AF724 /* Debug */ = {
			isa = XCBuildConfiguration;
			buildSettings = {
				ASSETCATALOG_COMPILER_APPICON_NAME = AppIcon;
				CODE_SIGN_IDENTITY = "Apple Development";
				CODE_SIGN_INJECT_BASE_ENTITLEMENTS = YES;
				CODE_SIGN_STYLE = Automatic;
				DEVELOPMENT_TEAM = 9UU35LD4ZY;
				INFOPLIST_FILE = "Olympic App/Info.plist";
				IPHONEOS_DEPLOYMENT_TARGET = 12.4;
				LD_RUNPATH_SEARCH_PATHS = (
					"$(inherited)",
					"@executable_path/Frameworks",
				);
				PRODUCT_BUNDLE_IDENTIFIER = "com.Olympic9999.Olympic-App";
				PRODUCT_NAME = "$(TARGET_NAME)";
				PROVISIONING_PROFILE_SPECIFIER = "";
				SWIFT_VERSION = 5.0;
				TARGETED_DEVICE_FAMILY = "1,2";
			};
			name = Debug;
		};
		A940711723E0C28C004AF724 /* Release */ = {
			isa = XCBuildConfiguration;
			buildSettings = {
				ASSETCATALOG_COMPILER_APPICON_NAME = AppIcon;
				CODE_SIGN_IDENTITY = "Apple Development";
				CODE_SIGN_INJECT_BASE_ENTITLEMENTS = YES;
				CODE_SIGN_STYLE = Automatic;
				DEVELOPMENT_TEAM = 9UU35LD4ZY;
				INFOPLIST_FILE = "Olympic App/Info.plist";
				IPHONEOS_DEPLOYMENT_TARGET = 12.4;
				LD_RUNPATH_SEARCH_PATHS = (
					"$(inherited)",
					"@executable_path/Frameworks",
				);
				PRODUCT_BUNDLE_IDENTIFIER = "com.Olympic9999.Olympic-App";
				PRODUCT_NAME = "$(TARGET_NAME)";
				PROVISIONING_PROFILE_SPECIFIER = "";
				SWIFT_VERSION = 5.0;
				TARGETED_DEVICE_FAMILY = "1,2";
			};
			name = Release;
		};
/* End XCBuildConfiguration section */

/* Begin XCConfigurationList section */
		A94070FC23E0C286004AF724 /* Build configuration list for PBXProject "Olympic App" */ = {
			isa = XCConfigurationList;
			buildConfigurations = (
				A940711323E0C28C004AF724 /* Debug */,
				A940711423E0C28C004AF724 /* Release */,
			);
			defaultConfigurationIsVisible = 0;
			defaultConfigurationName = Release;
		};
		A940711523E0C28C004AF724 /* Build configuration list for PBXNativeTarget "Olympic App" */ = {
			isa = XCConfigurationList;
			buildConfigurations = (
				A940711623E0C28C004AF724 /* Debug */,
				A940711723E0C28C004AF724 /* Release */,
			);
			defaultConfigurationIsVisible = 0;
			defaultConfigurationName = Release;
		};
/* End XCConfigurationList section */
	};
	rootObject = A94070F923E0C286004AF724 /* Project object */;
}
